
Microsoft Visual Studio Solution File, Format Version 12.00
# Visual Studio Version 16
VisualStudioVersion = 16.0.31205.134
MinimumVisualStudioVersion = 10.0.40219.1
Project("{FAE04EC0-301F-11D3-BF4B-00C04F79EFBC}") = "Mod4Demo", "Mod4Demo.csproj", "{B7932296-6857-4541-8048-5E674B0F5CBA}"
EndProject
Global
	GlobalSection(SolutionConfigurationPlatforms) = preSolution
		Debug|Any CPU = Debug|Any CPU
		Release|Any CPU = Release|Any CPU
	EndGlobalSection
	GlobalSection(ProjectConfigurationPlatforms) = postSolution
		{B7932296-6857-4541-8048-5E674B0F5CBA}.Debug|Any CPU.ActiveCfg = Debug|Any CPU
		{B7932296-6857-4541-8048-5E674B0F5CBA}.Debug|Any CPU.Build.0 = Debug|Any CPU
		{B7932296-6857-4541-8048-5E674B0F5CBA}.Release|Any CPU.ActiveCfg = Release|Any CPU
		{B7932296-6857-4541-8048-5E674B0F5CBA}.Release|Any CPU.Build.0 = Release|Any CPU
	EndGlobalSection
	GlobalSection(SolutionProperties) = preSolution
		HideSolutionNode = FALSE
	EndGlobalSection
	GlobalSection(ExtensibilityGlobals) = postSolution
		SolutionGuid = {F6028C44-169A-42C0-94F5-CE25BB6ACBA3}
	EndGlobalSection
EndGlobal
